
Microsoft Visual Studio Solution File, Format Version 12.00
# Visual Studio 15
VisualStudioVersion = 15.0.27703.2018
MinimumVisualStudioVersion = 10.0.40219.1
Project("{2150E333-8FDC-42A3-9474-1A3956D46DE8}") = "SolutionItems", "SolutionItems", "{BBBC3149-7998-493E-B216-26780EDA3357}"
	ProjectSection(SolutionItems) = preProject
		..\.gitignore = ..\.gitignore
		..\LICENSE = ..\LICENSE
		..\README.md = ..\README.md
	EndProjectSection
EndProject
Project("{FAE04EC0-301F-11D3-BF4B-00C04F79EFBC}") = "Kotoha", "Kotoha\Kotoha.csproj", "{DB8170C2-041D-4B57-B4B0-CA94706C3125}"
EndProject
Project("{FAE04EC0-301F-11D3-BF4B-00C04F79EFBC}") = "Kotoha.Plugin", "Kotoha.Plugin\Kotoha.Plugin.csproj", "{8E405BCA-BDEA-4032-903E-EEE7CFCEE85E}"
EndProject
Project("{2150E333-8FDC-42A3-9474-1A3956D46DE8}") = "KotohaEngines", "KotohaEngines", "{41292B9E-56F6-4006-ADC9-948244A75520}"
EndProject
Project("{2150E333-8FDC-42A3-9474-1A3956D46DE8}") = "KotohaTalkers", "KotohaTalkers", "{DB733E0B-1363-435D-8486-2DBCBBCFAB6C}"
EndProject
Project("{FAE04EC0-301F-11D3-BF4B-00C04F79EFBC}") = "Kotoha.Engine.Voiceroid2", "Kotoha.Engine.Voiceroid2\Kotoha.Engine.Voiceroid2.csproj", "{2E49E63A-4ED8-46CD-803E-3EA5D6131FF9}"
EndProject
Project("{FAE04EC0-301F-11D3-BF4B-00C04F79EFBC}") = "Kotoha.Talker.Akane", "Kotoha.Talker.Akane\Kotoha.Talker.Akane.csproj", "{8D1EBA13-025B-40C4-AFC0-69244F359567}"
EndProject
Project("{FAE04EC0-301F-11D3-BF4B-00C04F79EFBC}") = "Kotoha.Sample", "Kotoha.Sample\Kotoha.Sample.csproj", "{598A8391-11B6-4EFA-846C-A3392EF0EB9A}"
EndProject
Project("{FAE04EC0-301F-11D3-BF4B-00C04F79EFBC}") = "Kotoha.Talker.Aoi", "Kotoha.Talker.Aoi\Kotoha.Talker.Aoi.csproj", "{7A3A730C-17CE-407B-AA1E-9C22369E054F}"
EndProject
Global
	GlobalSection(SolutionConfigurationPlatforms) = preSolution
		Debug|Any CPU = Debug|Any CPU
		Release|Any CPU = Release|Any CPU
	EndGlobalSection
	GlobalSection(ProjectConfigurationPlatforms) = postSolution
		{DB8170C2-041D-4B57-B4B0-CA94706C3125}.Debug|Any CPU.ActiveCfg = Debug|Any CPU
		{DB8170C2-041D-4B57-B4B0-CA94706C3125}.Debug|Any CPU.Build.0 = Debug|Any CPU
		{DB8170C2-041D-4B57-B4B0-CA94706C3125}.Release|Any CPU.ActiveCfg = Release|Any CPU
		{DB8170C2-041D-4B57-B4B0-CA94706C3125}.Release|Any CPU.Build.0 = Release|Any CPU
		{8E405BCA-BDEA-4032-903E-EEE7CFCEE85E}.Debug|Any CPU.ActiveCfg = Debug|Any CPU
		{8E405BCA-BDEA-4032-903E-EEE7CFCEE85E}.Debug|Any CPU.Build.0 = Debug|Any CPU
		{8E405BCA-BDEA-4032-903E-EEE7CFCEE85E}.Release|Any CPU.ActiveCfg = Release|Any CPU
		{8E405BCA-BDEA-4032-903E-EEE7CFCEE85E}.Release|Any CPU.Build.0 = Release|Any CPU
		{2E49E63A-4ED8-46CD-803E-3EA5D6131FF9}.Debug|Any CPU.ActiveCfg = Debug|Any CPU
		{2E49E63A-4ED8-46CD-803E-3EA5D6131FF9}.Debug|Any CPU.Build.0 = Debug|Any CPU
		{2E49E63A-4ED8-46CD-803E-3EA5D6131FF9}.Release|Any CPU.ActiveCfg = Release|Any CPU
		{2E49E63A-4ED8-46CD-803E-3EA5D6131FF9}.Release|Any CPU.Build.0 = Release|Any CPU
		{8D1EBA13-025B-40C4-AFC0-69244F359567}.Debug|Any CPU.ActiveCfg = Debug|Any CPU
		{8D1EBA13-025B-40C4-AFC0-69244F359567}.Debug|Any CPU.Build.0 = Debug|Any CPU
		{8D1EBA13-025B-40C4-AFC0-69244F359567}.Release|Any CPU.ActiveCfg = Release|Any CPU
		{8D1EBA13-025B-40C4-AFC0-69244F359567}.Release|Any CPU.Build.0 = Release|Any CPU
		{598A8391-11B6-4EFA-846C-A3392EF0EB9A}.Debug|Any CPU.ActiveCfg = Debug|Any CPU
		{598A8391-11B6-4EFA-846C-A3392EF0EB9A}.Debug|Any CPU.Build.0 = Debug|Any CPU
		{598A8391-11B6-4EFA-846C-A3392EF0EB9A}.Release|Any CPU.ActiveCfg = Release|Any CPU
		{598A8391-11B6-4EFA-846C-A3392EF0EB9A}.Release|Any CPU.Build.0 = Release|Any CPU
		{7A3A730C-17CE-407B-AA1E-9C22369E054F}.Debug|Any CPU.ActiveCfg = Debug|Any CPU
		{7A3A730C-17CE-407B-AA1E-9C22369E054F}.Debug|Any CPU.Build.0 = Debug|Any CPU
		{7A3A730C-17CE-407B-AA1E-9C22369E054F}.Release|Any CPU.ActiveCfg = Release|Any CPU
		{7A3A730C-17CE-407B-AA1E-9C22369E054F}.Release|Any CPU.Build.0 = Release|Any CPU
	EndGlobalSection
	GlobalSection(SolutionProperties) = preSolution
		HideSolutionNode = FALSE
	EndGlobalSection
	GlobalSection(NestedProjects) = preSolution
		{2E49E63A-4ED8-46CD-803E-3EA5D6131FF9} = {41292B9E-56F6-4006-ADC9-948244A75520}
		{8D1EBA13-025B-40C4-AFC0-69244F359567} = {DB733E0B-1363-435D-8486-2DBCBBCFAB6C}
		{7A3A730C-17CE-407B-AA1E-9C22369E054F} = {DB733E0B-1363-435D-8486-2DBCBBCFAB6C}
	EndGlobalSection
	GlobalSection(ExtensibilityGlobals) = postSolution
		SolutionGuid = {BA41A152-DEFC-483F-9A16-79A76F4BBBB3}
	EndGlobalSection
EndGlobal
